
Microsoft Visual Studio Solution File, Format Version 12.00
# Visual Studio Version 16
VisualStudioVersion = 16.0.30204.135
MinimumVisualStudioVersion = 10.0.40219.1
Project("{FAE04EC0-301F-11D3-BF4B-00C04F79EFBC}") = "WebScraping", "WebScraping\WebScraping.csproj", "{86CBEDE4-F32D-4A19-8512-CC04B6AA9FDA}"
EndProject
Global
	GlobalSection(SolutionConfigurationPlatforms) = preSolution
		Debug|Any CPU = Debug|Any CPU
		Release|Any CPU = Release|Any CPU
	EndGlobalSection
	GlobalSection(ProjectConfigurationPlatforms) = postSolution
		{86CBEDE4-F32D-4A19-8512-CC04B6AA9FDA}.Debug|Any CPU.ActiveCfg = Debug|Any CPU
		{86CBEDE4-F32D-4A19-8512-CC04B6AA9FDA}.Debug|Any CPU.Build.0 = Debug|Any CPU
		{86CBEDE4-F32D-4A19-8512-CC04B6AA9FDA}.Release|Any CPU.ActiveCfg = Release|Any CPU
		{86CBEDE4-F32D-4A19-8512-CC04B6AA9FDA}.Release|Any CPU.Build.0 = Release|Any CPU
	EndGlobalSection
	GlobalSection(SolutionProperties) = preSolution
		HideSolutionNode = FALSE
	EndGlobalSection
	GlobalSection(ExtensibilityGlobals) = postSolution
		SolutionGuid = {6F90971E-1445-4C7B-AB71-0E42415C144B}
	EndGlobalSection
EndGlobal
